// !$*UTF8*$!
{
	archiveVersion = 1;
	classes = {
	};
	objectVersion = 46;
	objects = {

/* Begin PBXBuildFile section */
		707F45141986808C000CE6E5 /* Foundation.framework in Frameworks */ = {isa = PBXBuildFile; fileRef = 707F45131986808C000CE6E5 /* Foundation.framework */; };
		707F45161986808C000CE6E5 /* CoreGraphics.framework in Frameworks */ = {isa = PBXBuildFile; fileRef = 707F45151986808C000CE6E5 /* CoreGraphics.framework */; };
		707F45181986808C000CE6E5 /* UIKit.framework in Frameworks */ = {isa = PBXBuildFile; fileRef = 707F45171986808C000CE6E5 /* UIKit.framework */; };
		707F451E1986808C000CE6E5 /* InfoPlist.strings in Resources */ = {isa = PBXBuildFile; fileRef = 707F451C1986808C000CE6E5 /* InfoPlist.strings */; };
		707F45201986808C000CE6E5 /* main.m in Sources */ = {isa = PBXBuildFile; fileRef = 707F451F1986808C000CE6E5 /* main.m */; };
		707F45241986808C000CE6E5 /* GWAppDelegate.m in Sources */ = {isa = PBXBuildFile; fileRef = 707F45231986808C000CE6E5 /* GWAppDelegate.m */; };
		707F45271986808C000CE6E5 /* Main.storyboard in Resources */ = {isa = PBXBuildFile; fileRef = 707F45251986808C000CE6E5 /* Main.storyboard */; };
		707F452A1986808C000CE6E5 /* GWViewController.m in Sources */ = {isa = PBXBuildFile; fileRef = 707F45291986808C000CE6E5 /* GWViewController.m */; };
		707F452C1986808C000CE6E5 /* Images.xcassets in Resources */ = {isa = PBXBuildFile; fileRef = 707F452B1986808C000CE6E5 /* Images.xcassets */; };
		707F45331986808C000CE6E5 /* XCTest.framework in Frameworks */ = {isa = PBXBuildFile; fileRef = 707F45321986808C000CE6E5 /* XCTest.framework */; };
		707F45341986808C000CE6E5 /* Foundation.framework in Frameworks */ = {isa = PBXBuildFile; fileRef = 707F45131986808C000CE6E5 /* Foundation.framework */; };
		707F45351986808C000CE6E5 /* UIKit.framework in Frameworks */ = {isa = PBXBuildFile; fileRef = 707F45171986808C000CE6E5 /* UIKit.framework */; };
		707F453D1986808C000CE6E5 /* InfoPlist.strings in Resources */ = {isa = PBXBuildFile; fileRef = 707F453B1986808C000CE6E5 /* InfoPlist.strings */; };
		707F453F1986808C000CE6E5 /* Git_TestTests.m in Sources */ = {isa = PBXBuildFile; fileRef = 707F453E1986808C000CE6E5 /* Git_TestTests.m */; };
		707F454A19868712000CE6E5 /* GWTestX.m in Sources */ = {isa = PBXBuildFile; fileRef = 707F454919868712000CE6E5 /* GWTestX.m */; };
/* End PBXBuildFile section */

/* Begin PBXContainerItemProxy section */
		707F45361986808C000CE6E5 /* PBXContainerItemProxy */ = {
			isa = PBXContainerItemProxy;
			containerPortal = 707F45081986808C000CE6E5 /* Project object */;
			proxyType = 1;
			remoteGlobalIDString = 707F450F1986808C000CE6E5;
			remoteInfo = "Git Test";
		};
/* End PBXContainerItemProxy section */

/* Begin PBXFileReference section */
		707F45101986808C000CE6E5 /* Git Test.app */ = {isa = PBXFileReference; explicitFileType = wrapper.application; includeInIndex = 0; path = "Git Test.app"; sourceTree = BUILT_PRODUCTS_DIR; };
		707F45131986808C000CE6E5 /* Foundation.framework */ = {isa = PBXFileReference; lastKnownFileType = wrapper.framework; name = Foundation.framework; path = System/Library/Frameworks/Foundation.framework; sourceTree = SDKROOT; };
		707F45151986808C000CE6E5 /* CoreGraphics.framework */ = {isa = PBXFileReference; lastKnownFileType = wrapper.framework; name = CoreGraphics.framework; path = System/Library/Frameworks/CoreGraphics.framework; sourceTree = SDKROOT; };
		707F45171986808C000CE6E5 /* UIKit.framework */ = {isa = PBXFileReference; lastKnownFileType = wrapper.framework; name = UIKit.framework; path = System/Library/Frameworks/UIKit.framework; sourceTree = SDKROOT; };
		707F451B1986808C000CE6E5 /* Git Test-Info.plist */ = {isa = PBXFileReference; lastKnownFileType = text.plist.xml; path = "Git Test-Info.plist"; sourceTree = "<group>"; };
		707F451D1986808C000CE6E5 /* en */ = {isa = PBXFileReference; lastKnownFileType = text.plist.strings; name = en; path = en.lproj/InfoPlist.strings; sourceTree = "<group>"; };
		707F451F1986808C000CE6E5 /* main.m */ = {isa = PBXFileReference; lastKnownFileType = sourcecode.c.objc; path = main.m; sourceTree = "<group>"; };
		707F45211986808C000CE6E5 /* Git Test-Prefix.pch */ = {isa = PBXFileReference; lastKnownFileType = sourcecode.c.h; path = "Git Test-Prefix.pch"; sourceTree = "<group>"; };
		707F45221986808C000CE6E5 /* GWAppDelegate.h */ = {isa = PBXFileReference; lastKnownFileType = sourcecode.c.h; path = GWAppDelegate.h; sourceTree = "<group>"; };
		707F45231986808C000CE6E5 /* GWAppDelegate.m */ = {isa = PBXFileReference; lastKnownFileType = sourcecode.c.objc; path = GWAppDelegate.m; sourceTree = "<group>"; };
		707F45261986808C000CE6E5 /* Base */ = {isa = PBXFileReference; lastKnownFileType = file.storyboard; name = Base; path = Base.lproj/Main.storyboard; sourceTree = "<group>"; };
		707F45281986808C000CE6E5 /* GWViewController.h */ = {isa = PBXFileReference; lastKnownFileType = sourcecode.c.h; path = GWViewController.h; sourceTree = "<group>"; };
		707F45291986808C000CE6E5 /* GWViewController.m */ = {isa = PBXFileReference; lastKnownFileType = sourcecode.c.objc; path = GWViewController.m; sourceTree = "<group>"; };
		707F452B1986808C000CE6E5 /* Images.xcassets */ = {isa = PBXFileReference; lastKnownFileType = folder.assetcatalog; path = Images.xcassets; sourceTree = "<group>"; };
		707F45311986808C000CE6E5 /* Git TestTests.xctest */ = {isa = PBXFileReference; explicitFileType = wrapper.cfbundle; includeInIndex = 0; path = "Git TestTests.xctest"; sourceTree = BUILT_PRODUCTS_DIR; };
		707F45321986808C000CE6E5 /* XCTest.framework */ = {isa = PBXFileReference; lastKnownFileType = wrapper.framework; name = XCTest.framework; path = Library/Frameworks/XCTest.framework; sourceTree = DEVELOPER_DIR; };
		707F453A1986808C000CE6E5 /* Git TestTests-Info.plist */ = {isa = PBXFileReference; lastKnownFileType = text.plist.xml; path = "Git TestTests-Info.plist"; sourceTree = "<group>"; };
		707F453C1986808C000CE6E5 /* en */ = {isa = PBXFileReference; lastKnownFileType = text.plist.strings; name = en; path = en.lproj/InfoPlist.strings; sourceTree = "<group>"; };
		707F453E1986808C000CE6E5 /* Git_TestTests.m */ = {isa = PBXFileReference; lastKnownFileType = sourcecode.c.objc; path = Git_TestTests.m; sourceTree = "<group>"; };
		707F454819868712000CE6E5 /* GWTestX.h */ = {isa = PBXFileReference; fileEncoding = 4; lastKnownFileType = sourcecode.c.h; name = GWTestX.h; path = ../GWTestX.h; sourceTree = "<group>"; };
		707F454919868712000CE6E5 /* GWTestX.m */ = {isa = PBXFileReference; fileEncoding = 4; lastKnownFileType = sourcecode.c.objc; name = GWTestX.m; path = ../GWTestX.m; sourceTree = "<group>"; };
/* End PBXFileReference section */

/* Begin PBXFrameworksBuildPhase section */
		707F450D1986808C000CE6E5 /* Frameworks */ = {
			isa = PBXFrameworksBuildPhase;
			buildActionMask = 2147483647;
			files = (
				707F45161986808C000CE6E5 /* CoreGraphics.framework in Frameworks */,
				707F45181986808C000CE6E5 /* UIKit.framework in Frameworks */,
				707F45141986808C000CE6E5 /* Foundation.framework in Frameworks */,
			);
			runOnlyForDeploymentPostprocessing = 0;
		};
		707F452E1986808C000CE6E5 /* Frameworks */ = {
			isa = PBXFrameworksBuildPhase;
			buildActionMask = 2147483647;
			files = (
				707F45331986808C000CE6E5 /* XCTest.framework in Frameworks */,
				707F45351986808C000CE6E5 /* UIKit.framework in Frameworks */,
				707F45341986808C000CE6E5 /* Foundation.framework in Frameworks */,
			);
			runOnlyForDeploymentPostprocessing = 0;
		};
/* End PBXFrameworksBuildPhase section */

/* Begin PBXGroup section */
		707F45071986808C000CE6E5 = {
			isa = PBXGroup;
			children = (
				707F45191986808C000CE6E5 /* Git Test */,
				707F45381986808C000CE6E5 /* Git TestTests */,
				707F45121986808C000CE6E5 /* Frameworks */,
				707F45111986808C000CE6E5 /* Products */,
			);
			sourceTree = "<group>";
		};
		707F45111986808C000CE6E5 /* Products */ = {
			isa = PBXGroup;
			children = (
				707F45101986808C000CE6E5 /* Git Test.app */,
				707F45311986808C000CE6E5 /* Git TestTests.xctest */,
			);
			name = Products;
			sourceTree = "<group>";
		};
		707F45121986808C000CE6E5 /* Frameworks */ = {
			isa = PBXGroup;
			children = (
				707F45131986808C000CE6E5 /* Foundation.framework */,
				707F45151986808C000CE6E5 /* CoreGraphics.framework */,
				707F45171986808C000CE6E5 /* UIKit.framework */,
				707F45321986808C000CE6E5 /* XCTest.framework */,
			);
			name = Frameworks;
			sourceTree = "<group>";
		};
		707F45191986808C000CE6E5 /* Git Test */ = {
			isa = PBXGroup;
			children = (
				707F454819868712000CE6E5 /* GWTestX.h */,
				707F454919868712000CE6E5 /* GWTestX.m */,
				707F45221986808C000CE6E5 /* GWAppDelegate.h */,
				707F45231986808C000CE6E5 /* GWAppDelegate.m */,
				707F45251986808C000CE6E5 /* Main.storyboard */,
				707F45281986808C000CE6E5 /* GWViewController.h */,
				707F45291986808C000CE6E5 /* GWViewController.m */,
				707F452B1986808C000CE6E5 /* Images.xcassets */,
				707F451A1986808C000CE6E5 /* Supporting Files */,
			);
			path = "Git Test";
			sourceTree = "<group>";
		};
		707F451A1986808C000CE6E5 /* Supporting Files */ = {
			isa = PBXGroup;
			children = (
				707F451B1986808C000CE6E5 /* Git Test-Info.plist */,
				707F451C1986808C000CE6E5 /* InfoPlist.strings */,
				707F451F1986808C000CE6E5 /* main.m */,
				707F45211986808C000CE6E5 /* Git Test-Prefix.pch */,
			);
			name = "Supporting Files";
			sourceTree = "<group>";
		};
		707F45381986808C000CE6E5 /* Git TestTests */ = {
			isa = PBXGroup;
			children = (
				707F453E1986808C000CE6E5 /* Git_TestTests.m */,
				707F45391986808C000CE6E5 /* Supporting Files */,
			);
			path = "Git TestTests";
			sourceTree = "<group>";
		};
		707F45391986808C000CE6E5 /* Supporting Files */ = {
			isa = PBXGroup;
			children = (
				707F453A1986808C000CE6E5 /* Git TestTests-Info.plist */,
				707F453B1986808C000CE6E5 /* InfoPlist.strings */,
			);
			name = "Supporting Files";
			sourceTree = "<group>";
		};
/* End PBXGroup section */

/* Begin PBXNativeTarget section */
		707F450F1986808C000CE6E5 /* Git Test */ = {
			isa = PBXNativeTarget;
			buildConfigurationList = 707F45421986808C000CE6E5 /* Build configuration list for PBXNativeTarget "Git Test" */;
			buildPhases = (
				707F450C1986808C000CE6E5 /* Sources */,
				707F450D1986808C000CE6E5 /* Frameworks */,
				707F450E1986808C000CE6E5 /* Resources */,
			);
			buildRules = (
			);
			dependencies = (
			);
			name = "Git Test";
			productName = "Git Test";
			productReference = 707F45101986808C000CE6E5 /* Git Test.app */;
			productType = "com.apple.product-type.application";
		};
		707F45301986808C000CE6E5 /* Git TestTests */ = {
			isa = PBXNativeTarget;
			buildConfigurationList = 707F45451986808C000CE6E5 /* Build configuration list for PBXNativeTarget "Git TestTests" */;
			buildPhases = (
				707F452D1986808C000CE6E5 /* Sources */,
				707F452E1986808C000CE6E5 /* Frameworks */,
				707F452F1986808C000CE6E5 /* Resources */,
			);
			buildRules = (
			);
			dependencies = (
				707F45371986808C000CE6E5 /* PBXTargetDependency */,
			);
			name = "Git TestTests";
			productName = "Git TestTests";
			productReference = 707F45311986808C000CE6E5 /* Git TestTests.xctest */;
			productType = "com.apple.product-type.bundle.unit-test";
		};
/* End PBXNativeTarget section */

/* Begin PBXProject section */
		707F45081986808C000CE6E5 /* Project object */ = {
			isa = PBXProject;
			attributes = {
				CLASSPREFIX = GW;
				LastUpgradeCheck = 0510;
				ORGANIZATIONNAME = "Goesta Woll";
				TargetAttributes = {
					707F45301986808C000CE6E5 = {
						TestTargetID = 707F450F1986808C000CE6E5;
					};
				};
			};
			buildConfigurationList = 707F450B1986808C000CE6E5 /* Build configuration list for PBXProject "Git Test" */;
			compatibilityVersion = "Xcode 3.2";
			developmentRegion = English;
			hasScannedForEncodings = 0;
			knownRegions = (
				en,
				Base,
			);
			mainGroup = 707F45071986808C000CE6E5;
			productRefGroup = 707F45111986808C000CE6E5 /* Products */;
			projectDirPath = "";
			projectRoot = "";
			targets = (
				707F450F1986808C000CE6E5 /* Git Test */,
				707F45301986808C000CE6E5 /* Git TestTests */,
			);
		};
/* End PBXProject section */

/* Begin PBXResourcesBuildPhase section */
		707F450E1986808C000CE6E5 /* Resources */ = {
			isa = PBXResourcesBuildPhase;
			buildActionMask = 2147483647;
			files = (
				707F452C1986808C000CE6E5 /* Images.xcassets in Resources */,
				707F451E1986808C000CE6E5 /* InfoPlist.strings in Resources */,
				707F45271986808C000CE6E5 /* Main.storyboard in Resources */,
			);
			runOnlyForDeploymentPostprocessing = 0;
		};
		707F452F1986808C000CE6E5 /* Resources */ = {
			isa = PBXResourcesBuildPhase;
			buildActionMask = 2147483647;
			files = (
				707F453D1986808C000CE6E5 /* InfoPlist.strings in Resources */,
			);
			runOnlyForDeploymentPostprocessing = 0;
		};
/* End PBXResourcesBuildPhase section */

/* Begin PBXSourcesBuildPhase section */
		707F450C1986808C000CE6E5 /* Sources */ = {
			isa = PBXSourcesBuildPhase;
			buildActionMask = 2147483647;
			files = (
				707F45241986808C000CE6E5 /* GWAppDelegate.m in Sources */,
				707F452A1986808C000CE6E5 /* GWViewController.m in Sources */,
				707F454A19868712000CE6E5 /* GWTestX.m in Sources */,
				707F45201986808C000CE6E5 /* main.m in Sources */,
			);
			runOnlyForDeploymentPostprocessing = 0;
		};
		707F452D1986808C000CE6E5 /* Sources */ = {
			isa = PBXSourcesBuildPhase;
			buildActionMask = 2147483647;
			files = (
				707F453F1986808C000CE6E5 /* Git_TestTests.m in Sources */,
			);
			runOnlyForDeploymentPostprocessing = 0;
		};
/* End PBXSourcesBuildPhase section */

/* Begin PBXTargetDependency section */
		707F45371986808C000CE6E5 /* PBXTargetDependency */ = {
			isa = PBXTargetDependency;
			target = 707F450F1986808C000CE6E5 /* Git Test */;
			targetProxy = 707F45361986808C000CE6E5 /* PBXContainerItemProxy */;
		};
/* End PBXTargetDependency section */

/* Begin PBXVariantGroup section */
		707F451C1986808C000CE6E5 /* InfoPlist.strings */ = {
			isa = PBXVariantGroup;
			children = (
				707F451D1986808C000CE6E5 /* en */,
			);
			name = InfoPlist.strings;
			sourceTree = "<group>";
		};
		707F45251986808C000CE6E5 /* Main.storyboard */ = {
			isa = PBXVariantGroup;
			children = (
				707F45261986808C000CE6E5 /* Base */,
			);
			name = Main.storyboard;
			sourceTree = "<group>";
		};
		707F453B1986808C000CE6E5 /* InfoPlist.strings */ = {
			isa = PBXVariantGroup;
			children = (
				707F453C1986808C000CE6E5 /* en */,
			);
			name = InfoPlist.strings;
			sourceTree = "<group>";
		};
/* End PBXVariantGroup section */

/* Begin XCBuildConfiguration section */
		707F45401986808C000CE6E5 /* Debug */ = {
			isa = XCBuildConfiguration;
			buildSettings = {
				ALWAYS_SEARCH_USER_PATHS = NO;
				CLANG_CXX_LANGUAGE_STANDARD = "gnu++0x";
				CLANG_CXX_LIBRARY = "libc++";
				CLANG_ENABLE_MODULES = YES;
				CLANG_ENABLE_OBJC_ARC = YES;
				CLANG_WARN_BOOL_CONVERSION = YES;
				CLANG_WARN_CONSTANT_CONVERSION = YES;
				CLANG_WARN_DIRECT_OBJC_ISA_USAGE = YES_ERROR;
				CLANG_WARN_EMPTY_BODY = YES;
				CLANG_WARN_ENUM_CONVERSION = YES;
				CLANG_WARN_INT_CONVERSION = YES;
				CLANG_WARN_OBJC_ROOT_CLASS = YES_ERROR;
				CLANG_WARN__DUPLICATE_METHOD_MATCH = YES;
				"CODE_SIGN_IDENTITY[sdk=iphoneos*]" = "iPhone Developer";
				COPY_PHASE_STRIP = NO;
				GCC_C_LANGUAGE_STANDARD = gnu99;
				GCC_DYNAMIC_NO_PIC = NO;
				GCC_OPTIMIZATION_LEVEL = 0;
				GCC_PREPROCESSOR_DEFINITIONS = (
					"DEBUG=1",
					"$(inherited)",
				);
				GCC_SYMBOLS_PRIVATE_EXTERN = NO;
				GCC_WARN_64_TO_32_BIT_CONVERSION = YES;
				GCC_WARN_ABOUT_RETURN_TYPE = YES_ERROR;
				GCC_WARN_UNDECLARED_SELECTOR = YES;
				GCC_WARN_UNINITIALIZED_AUTOS = YES_AGGRESSIVE;
				GCC_WARN_UNUSED_FUNCTION = YES;
				GCC_WARN_UNUSED_VARIABLE = YES;
				IPHONEOS_DEPLOYMENT_TARGET = 7.1;
				ONLY_ACTIVE_ARCH = YES;
				SDKROOT = iphoneos;
			};
			name = Debug;
		};
		707F45411986808C000CE6E5 /* Release */ = {
			isa = XCBuildConfiguration;
			buildSettings = {
				ALWAYS_SEARCH_USER_PATHS = NO;
				CLANG_CXX_LANGUAGE_STANDARD = "gnu++0x";
				CLANG_CXX_LIBRARY = "libc++";
				CLANG_ENABLE_MODULES = YES;
				CLANG_ENABLE_OBJC_ARC = YES;
				CLANG_WARN_BOOL_CONVERSION = YES;
				CLANG_WARN_CONSTANT_CONVERSION = YES;
				CLANG_WARN_DIRECT_OBJC_ISA_USAGE = YES_ERROR;
				CLANG_WARN_EMPTY_BODY = YES;
				CLANG_WARN_ENUM_CONVERSION = YES;
				CLANG_WARN_INT_CONVERSION = YES;
				CLANG_WARN_OBJC_ROOT_CLASS = YES_ERROR;
				CLANG_WARN__DUPLICATE_METHOD_MATCH = YES;
				"CODE_SIGN_IDENTITY[sdk=iphoneos*]" = "iPhone Developer";
				COPY_PHASE_STRIP = YES;
				ENABLE_NS_ASSERTIONS = NO;
				GCC_C_LANGUAGE_STANDARD = gnu99;
				GCC_WARN_64_TO_32_BIT_CONVERSION = YES;
				GCC_WARN_ABOUT_RETURN_TYPE = YES_ERROR;
				GCC_WARN_UNDECLARED_SELECTOR = YES;
				GCC_WARN_UNINITIALIZED_AUTOS = YES_AGGRESSIVE;
				GCC_WARN_UNUSED_FUNCTION = YES;
				GCC_WARN_UNUSED_VARIABLE = YES;
				IPHONEOS_DEPLOYMENT_TARGET = 7.1;
				SDKROOT = iphoneos;
				VALIDATE_PRODUCT = YES;
			};
			name = Release;
		};
		707F45431986808C000CE6E5 /* Debug */ = {
			isa = XCBuildConfiguration;
			buildSettings = {
				ASSETCATALOG_COMPILER_APPICON_NAME = AppIcon;
				ASSETCATALOG_COMPILER_LAUNCHIMAGE_NAME = LaunchImage;
				GCC_PRECOMPILE_PREFIX_HEADER = YES;
				GCC_PREFIX_HEADER = "Git Test/Git Test-Prefix.pch";
				INFOPLIST_FILE = "Git Test/Git Test-Info.plist";
				PRODUCT_NAME = "$(TARGET_NAME)";
				WRAPPER_EXTENSION = app;
			};
			name = Debug;
		};
		707F45441986808C000CE6E5 /* Release */ = {
			isa = XCBuildConfiguration;
			buildSettings = {
				ASSETCATALOG_COMPILER_APPICON_NAME = AppIcon;
				ASSETCATALOG_COMPILER_LAUNCHIMAGE_NAME = LaunchImage;
				GCC_PRECOMPILE_PREFIX_HEADER = YES;
				GCC_PREFIX_HEADER = "Git Test/Git Test-Prefix.pch";
				INFOPLIST_FILE = "Git Test/Git Test-Info.plist";
				PRODUCT_NAME = "$(TARGET_NAME)";
				WRAPPER_EXTENSION = app;
			};
			name = Release;
		};
		707F45461986808C000CE6E5 /* Debug */ = {
			isa = XCBuildConfiguration;
			buildSettings = {
				BUNDLE_LOADER = "$(BUILT_PRODUCTS_DIR)/Git Test.app/Git Test";
				FRAMEWORK_SEARCH_PATHS = (
					"$(SDKROOT)/Developer/Library/Frameworks",
					"$(inherited)",
					"$(DEVELOPER_FRAMEWORKS_DIR)",
				);
				GCC_PRECOMPILE_PREFIX_HEADER = YES;
				GCC_PREFIX_HEADER = "Git Test/Git Test-Prefix.pch";
				GCC_PREPROCESSOR_DEFINITIONS = (
					"DEBUG=1",
					"$(inherited)",
				);
				INFOPLIST_FILE = "Git TestTests/Git TestTests-Info.plist";
				PRODUCT_NAME = "$(TARGET_NAME)";
				TEST_HOST = "$(BUNDLE_LOADER)";
				WRAPPER_EXTENSION = xctest;
			};
			name = Debug;
		};
		707F45471986808C000CE6E5 /* Release */ = {
			isa = XCBuildConfiguration;
			buildSettings = {
				BUNDLE_LOADER = "$(BUILT_PRODUCTS_DIR)/Git Test.app/Git Test";
				FRAMEWORK_SEARCH_PATHS = (
					"$(SDKROOT)/Developer/Library/Frameworks",
					"$(inherited)",
					"$(DEVELOPER_FRAMEWORKS_DIR)",
				);
				GCC_PRECOMPILE_PREFIX_HEADER = YES;
				GCC_PREFIX_HEADER = "Git Test/Git Test-Prefix.pch";
				INFOPLIST_FILE = "Git TestTests/Git TestTests-Info.plist";
				PRODUCT_NAME = "$(TARGET_NAME)";
				TEST_HOST = "$(BUNDLE_LOADER)";
				WRAPPER_EXTENSION = xctest;
			};
			name = Release;
		};
/* End XCBuildConfiguration section */

/* Begin XCConfigurationList section */
		707F450B1986808C000CE6E5 /* Build configuration list for PBXProject "Git Test" */ = {
			isa = XCConfigurationList;
			buildConfigurations = (
				707F45401986808C000CE6E5 /* Debug */,
				707F45411986808C000CE6E5 /* Release */,
			);
			defaultConfigurationIsVisible = 0;
			defaultConfigurationName = Release;
		};
		707F45421986808C000CE6E5 /* Build configuration list for PBXNativeTarget "Git Test" */ = {
			isa = XCConfigurationList;
			buildConfigurations = (
				707F45431986808C000CE6E5 /* Debug */,
				707F45441986808C000CE6E5 /* Release */,
			);
			defaultConfigurationIsVisible = 0;
		};
		707F45451986808C000CE6E5 /* Build configuration list for PBXNativeTarget "Git TestTests" */ = {
			isa = XCConfigurationList;
			buildConfigurations = (
				707F45461986808C000CE6E5 /* Debug */,
				707F45471986808C000CE6E5 /* Release */,
			);
			defaultConfigurationIsVisible = 0;
		};
/* End XCConfigurationList section */
	};
	rootObject = 707F45081986808C000CE6E5 /* Project object */;
}
